
Microsoft Visual Studio Solution File, Format Version 12.00
# Visual Studio Version 17
VisualStudioVersion = 17.13.35825.156 d17.13
MinimumVisualStudioVersion = 10.0.40219.1
Project("{FAE04EC0-301F-11D3-BF4B-00C04F79EFBC}") = "Core", "Core\Core.csproj", "{54F8F5CC-61D2-4FB3-8DF3-FEA48961CD83}"
EndProject
Project("{FAE04EC0-301F-11D3-BF4B-00C04F79EFBC}") = "Dal_Repository_infrastracture", "Dal_Repository_infrastracture\Dal_Repository_infrastracture.csproj", "{F75A4A72-5776-458A-A199-B6F2B9162A4D}"
EndProject
Project("{FAE04EC0-301F-11D3-BF4B-00C04F79EFBC}") = "Bll_Services", "Bll_Services\Bll_Services.csproj", "{8E74A5C2-0099-421A-A115-A410AE35ADBD}"
EndProject
Project("{FAE04EC0-301F-11D3-BF4B-00C04F79EFBC}") = "API", "API\API.csproj", "{294D0B39-5681-47D5-BD8A-8D1C86B5C43F}"
EndProject
Global
	GlobalSection(SolutionConfigurationPlatforms) = preSolution
		Debug|Any CPU = Debug|Any CPU
		Release|Any CPU = Release|Any CPU
	EndGlobalSection
	GlobalSection(ProjectConfigurationPlatforms) = postSolution
		{54F8F5CC-61D2-4FB3-8DF3-FEA48961CD83}.Debug|Any CPU.ActiveCfg = Debug|Any CPU
		{54F8F5CC-61D2-4FB3-8DF3-FEA48961CD83}.Debug|Any CPU.Build.0 = Debug|Any CPU
		{54F8F5CC-61D2-4FB3-8DF3-FEA48961CD83}.Release|Any CPU.ActiveCfg = Release|Any CPU
		{54F8F5CC-61D2-4FB3-8DF3-FEA48961CD83}.Release|Any CPU.Build.0 = Release|Any CPU
		{F75A4A72-5776-458A-A199-B6F2B9162A4D}.Debug|Any CPU.ActiveCfg = Debug|Any CPU
		{F75A4A72-5776-458A-A199-B6F2B9162A4D}.Debug|Any CPU.Build.0 = Debug|Any CPU
		{F75A4A72-5776-458A-A199-B6F2B9162A4D}.Release|Any CPU.ActiveCfg = Release|Any CPU
		{F75A4A72-5776-458A-A199-B6F2B9162A4D}.Release|Any CPU.Build.0 = Release|Any CPU
		{8E74A5C2-0099-421A-A115-A410AE35ADBD}.Debug|Any CPU.ActiveCfg = Debug|Any CPU
		{8E74A5C2-0099-421A-A115-A410AE35ADBD}.Debug|Any CPU.Build.0 = Debug|Any CPU
		{8E74A5C2-0099-421A-A115-A410AE35ADBD}.Release|Any CPU.ActiveCfg = Release|Any CPU
		{8E74A5C2-0099-421A-A115-A410AE35ADBD}.Release|Any CPU.Build.0 = Release|Any CPU
		{294D0B39-5681-47D5-BD8A-8D1C86B5C43F}.Debug|Any CPU.ActiveCfg = Debug|Any CPU
		{294D0B39-5681-47D5-BD8A-8D1C86B5C43F}.Debug|Any CPU.Build.0 = Debug|Any CPU
		{294D0B39-5681-47D5-BD8A-8D1C86B5C43F}.Release|Any CPU.ActiveCfg = Release|Any CPU
		{294D0B39-5681-47D5-BD8A-8D1C86B5C43F}.Release|Any CPU.Build.0 = Release|Any CPU
	EndGlobalSection
	GlobalSection(SolutionProperties) = preSolution
		HideSolutionNode = FALSE
	EndGlobalSection
	GlobalSection(ExtensibilityGlobals) = postSolution
		SolutionGuid = {550C3040-2945-4250-8A28-D34C2F32E776}
	EndGlobalSection
EndGlobal
